// !$*UTF8*$!
{
	archiveVersion = 1;
	classes = {
	};
	objectVersion = 50;
	objects = {

/* Begin PBXBuildFile section */
		CE1FDF0A23816ED1007A6C29 /* NotesListViewController.swift in Sources */ = {isa = PBXBuildFile; fileRef = CE1FDF0923816ED1007A6C29 /* NotesListViewController.swift */; };
		CE1FDF0C23816EDD007A6C29 /* NoteDetailsViewController.swift in Sources */ = {isa = PBXBuildFile; fileRef = CE1FDF0B23816EDD007A6C29 /* NoteDetailsViewController.swift */; };
		CE1FDF1323816FF0007A6C29 /* Constants.swift in Sources */ = {isa = PBXBuildFile; fileRef = CE1FDF1223816FF0007A6C29 /* Constants.swift */; };
		CE4393582381735800E124BB /* ViewControllerFactory.swift in Sources */ = {isa = PBXBuildFile; fileRef = CE4393572381735800E124BB /* ViewControllerFactory.swift */; };
		CE43935A2381774F00E124BB /* NavigationController.swift in Sources */ = {isa = PBXBuildFile; fileRef = CE4393592381774F00E124BB /* NavigationController.swift */; };
		CE43935C23817F5100E124BB /* Alert.swift in Sources */ = {isa = PBXBuildFile; fileRef = CE43935B23817F5100E124BB /* Alert.swift */; };
		CE7073A823819ED5000CA9DB /* NotesListTableController.swift in Sources */ = {isa = PBXBuildFile; fileRef = CE7073A723819ED5000CA9DB /* NotesListTableController.swift */; };
		CE82AAD823815A170062F565 /* AppDelegate.swift in Sources */ = {isa = PBXBuildFile; fileRef = CE82AAD723815A170062F565 /* AppDelegate.swift */; };
		CE82AADA23815A170062F565 /* SceneDelegate.swift in Sources */ = {isa = PBXBuildFile; fileRef = CE82AAD923815A170062F565 /* SceneDelegate.swift */; };
		CE82AADC23815A170062F565 /* LoginViewController.swift in Sources */ = {isa = PBXBuildFile; fileRef = CE82AADB23815A170062F565 /* LoginViewController.swift */; };
		CE82AADF23815A170062F565 /* Main.storyboard in Resources */ = {isa = PBXBuildFile; fileRef = CE82AADD23815A170062F565 /* Main.storyboard */; };
		CE82AAE123815A1A0062F565 /* Assets.xcassets in Resources */ = {isa = PBXBuildFile; fileRef = CE82AAE023815A1A0062F565 /* Assets.xcassets */; };
		CE82AAE423815A1A0062F565 /* LaunchScreen.storyboard in Resources */ = {isa = PBXBuildFile; fileRef = CE82AAE223815A1A0062F565 /* LaunchScreen.storyboard */; };
		CE82AAEC238167980062F565 /* Note.swift in Sources */ = {isa = PBXBuildFile; fileRef = CE82AAEB238167980062F565 /* Note.swift */; };
		CE82AAEE238167CB0062F565 /* NotesRepository.swift in Sources */ = {isa = PBXBuildFile; fileRef = CE82AAED238167CB0062F565 /* NotesRepository.swift */; };
		CE82AAF023816BB80062F565 /* UserDefaultsService.swift in Sources */ = {isa = PBXBuildFile; fileRef = CE82AAEF23816BB80062F565 /* UserDefaultsService.swift */; };
/* End PBXBuildFile section */

/* Begin PBXFileReference section */
		CE1FDF0923816ED1007A6C29 /* NotesListViewController.swift */ = {isa = PBXFileReference; lastKnownFileType = sourcecode.swift; path = NotesListViewController.swift; sourceTree = "<group>"; };
		CE1FDF0B23816EDD007A6C29 /* NoteDetailsViewController.swift */ = {isa = PBXFileReference; lastKnownFileType = sourcecode.swift; path = NoteDetailsViewController.swift; sourceTree = "<group>"; };
		CE1FDF1223816FF0007A6C29 /* Constants.swift */ = {isa = PBXFileReference; lastKnownFileType = sourcecode.swift; path = Constants.swift; sourceTree = "<group>"; };
		CE4393572381735800E124BB /* ViewControllerFactory.swift */ = {isa = PBXFileReference; lastKnownFileType = sourcecode.swift; path = ViewControllerFactory.swift; sourceTree = "<group>"; };
		CE4393592381774F00E124BB /* NavigationController.swift */ = {isa = PBXFileReference; lastKnownFileType = sourcecode.swift; path = NavigationController.swift; sourceTree = "<group>"; };
		CE43935B23817F5100E124BB /* Alert.swift */ = {isa = PBXFileReference; lastKnownFileType = sourcecode.swift; path = Alert.swift; sourceTree = "<group>"; };
		CE7073A723819ED5000CA9DB /* NotesListTableController.swift */ = {isa = PBXFileReference; lastKnownFileType = sourcecode.swift; path = NotesListTableController.swift; sourceTree = "<group>"; };
		CE82AAD423815A170062F565 /* MVC-Example.app */ = {isa = PBXFileReference; explicitFileType = wrapper.application; includeInIndex = 0; path = "MVC-Example.app"; sourceTree = BUILT_PRODUCTS_DIR; };
		CE82AAD723815A170062F565 /* AppDelegate.swift */ = {isa = PBXFileReference; lastKnownFileType = sourcecode.swift; path = AppDelegate.swift; sourceTree = "<group>"; };
		CE82AAD923815A170062F565 /* SceneDelegate.swift */ = {isa = PBXFileReference; lastKnownFileType = sourcecode.swift; path = SceneDelegate.swift; sourceTree = "<group>"; };
		CE82AADB23815A170062F565 /* LoginViewController.swift */ = {isa = PBXFileReference; lastKnownFileType = sourcecode.swift; path = LoginViewController.swift; sourceTree = "<group>"; };
		CE82AADE23815A170062F565 /* Base */ = {isa = PBXFileReference; lastKnownFileType = file.storyboard; name = Base; path = Base.lproj/Main.storyboard; sourceTree = "<group>"; };
		CE82AAE023815A1A0062F565 /* Assets.xcassets */ = {isa = PBXFileReference; lastKnownFileType = folder.assetcatalog; path = Assets.xcassets; sourceTree = "<group>"; };
		CE82AAE323815A1A0062F565 /* Base */ = {isa = PBXFileReference; lastKnownFileType = file.storyboard; name = Base; path = Base.lproj/LaunchScreen.storyboard; sourceTree = "<group>"; };
		CE82AAE523815A1A0062F565 /* Info.plist */ = {isa = PBXFileReference; lastKnownFileType = text.plist.xml; path = Info.plist; sourceTree = "<group>"; };
		CE82AAEB238167980062F565 /* Note.swift */ = {isa = PBXFileReference; lastKnownFileType = sourcecode.swift; path = Note.swift; sourceTree = "<group>"; };
		CE82AAED238167CB0062F565 /* NotesRepository.swift */ = {isa = PBXFileReference; lastKnownFileType = sourcecode.swift; path = NotesRepository.swift; sourceTree = "<group>"; };
		CE82AAEF23816BB80062F565 /* UserDefaultsService.swift */ = {isa = PBXFileReference; lastKnownFileType = sourcecode.swift; path = UserDefaultsService.swift; sourceTree = "<group>"; };
/* End PBXFileReference section */

/* Begin PBXFrameworksBuildPhase section */
		CE82AAD123815A170062F565 /* Frameworks */ = {
			isa = PBXFrameworksBuildPhase;
			buildActionMask = 2147483647;
			files = (
			);
			runOnlyForDeploymentPostprocessing = 0;
		};
/* End PBXFrameworksBuildPhase section */

/* Begin PBXGroup section */
		CE1FDF0D23816F25007A6C29 /* Application */ = {
			isa = PBXGroup;
			children = (
				CE82AADD23815A170062F565 /* Main.storyboard */,
				CE82AAD723815A170062F565 /* AppDelegate.swift */,
				CE82AAD923815A170062F565 /* SceneDelegate.swift */,
				CE4393592381774F00E124BB /* NavigationController.swift */,
			);
			path = Application;
			sourceTree = "<group>";
		};
		CE1FDF0E23816F2F007A6C29 /* Screens */ = {
			isa = PBXGroup;
			children = (
				CE82AADB23815A170062F565 /* LoginViewController.swift */,
				CE1FDF0923816ED1007A6C29 /* NotesListViewController.swift */,
				CE7073A723819ED5000CA9DB /* NotesListTableController.swift */,
				CE1FDF0B23816EDD007A6C29 /* NoteDetailsViewController.swift */,
			);
			path = Screens;
			sourceTree = "<group>";
		};
		CE1FDF0F23816F39007A6C29 /* Model */ = {
			isa = PBXGroup;
			children = (
				CE82AAEB238167980062F565 /* Note.swift */,
				CE43935B23817F5100E124BB /* Alert.swift */,
			);
			path = Model;
			sourceTree = "<group>";
		};
		CE1FDF1023816F43007A6C29 /* Services */ = {
			isa = PBXGroup;
			children = (
				CE82AAED238167CB0062F565 /* NotesRepository.swift */,
				CE82AAEF23816BB80062F565 /* UserDefaultsService.swift */,
				CE4393572381735800E124BB /* ViewControllerFactory.swift */,
			);
			path = Services;
			sourceTree = "<group>";
		};
		CE1FDF1123816F61007A6C29 /* SupportingFiles */ = {
			isa = PBXGroup;
			children = (
				CE82AAE023815A1A0062F565 /* Assets.xcassets */,
				CE82AAE223815A1A0062F565 /* LaunchScreen.storyboard */,
				CE82AAE523815A1A0062F565 /* Info.plist */,
				CE1FDF1223816FF0007A6C29 /* Constants.swift */,
			);
			path = SupportingFiles;
			sourceTree = "<group>";
		};
		CE82AACB23815A170062F565 = {
			isa = PBXGroup;
			children = (
				CE82AAD623815A170062F565 /* MVC-Example */,
				CE82AAD523815A170062F565 /* Products */,
			);
			sourceTree = "<group>";
		};
		CE82AAD523815A170062F565 /* Products */ = {
			isa = PBXGroup;
			children = (
				CE82AAD423815A170062F565 /* MVC-Example.app */,
			);
			name = Products;
			sourceTree = "<group>";
		};
		CE82AAD623815A170062F565 /* MVC-Example */ = {
			isa = PBXGroup;
			children = (
				CE1FDF0D23816F25007A6C29 /* Application */,
				CE1FDF0E23816F2F007A6C29 /* Screens */,
				CE1FDF0F23816F39007A6C29 /* Model */,
				CE1FDF1023816F43007A6C29 /* Services */,
				CE1FDF1123816F61007A6C29 /* SupportingFiles */,
			);
			path = "MVC-Example";
			sourceTree = "<group>";
		};
/* End PBXGroup section */

/* Begin PBXNativeTarget section */
		CE82AAD323815A170062F565 /* MVC-Example */ = {
			isa = PBXNativeTarget;
			buildConfigurationList = CE82AAE823815A1A0062F565 /* Build configuration list for PBXNativeTarget "MVC-Example" */;
			buildPhases = (
				CE82AAD023815A170062F565 /* Sources */,
				CE82AAD123815A170062F565 /* Frameworks */,
				CE82AAD223815A170062F565 /* Resources */,
			);
			buildRules = (
			);
			dependencies = (
			);
			name = "MVC-Example";
			productName = "MVC-Example";
			productReference = CE82AAD423815A170062F565 /* MVC-Example.app */;
			productType = "com.apple.product-type.application";
		};
/* End PBXNativeTarget section */

/* Begin PBXProject section */
		CE82AACC23815A170062F565 /* Project object */ = {
			isa = PBXProject;
			attributes = {
				LastSwiftUpdateCheck = 1110;
				LastUpgradeCheck = 1110;
				ORGANIZATIONNAME = MisnikovRoman;
				TargetAttributes = {
					CE82AAD323815A170062F565 = {
						CreatedOnToolsVersion = 11.1;
					};
				};
			};
			buildConfigurationList = CE82AACF23815A170062F565 /* Build configuration list for PBXProject "MVC-Example" */;
			compatibilityVersion = "Xcode 9.3";
			developmentRegion = en;
			hasScannedForEncodings = 0;
			knownRegions = (
				en,
				Base,
			);
			mainGroup = CE82AACB23815A170062F565;
			productRefGroup = CE82AAD523815A170062F565 /* Products */;
			projectDirPath = "";
			projectRoot = "";
			targets = (
				CE82AAD323815A170062F565 /* MVC-Example */,
			);
		};
/* End PBXProject section */

/* Begin PBXResourcesBuildPhase section */
		CE82AAD223815A170062F565 /* Resources */ = {
			isa = PBXResourcesBuildPhase;
			buildActionMask = 2147483647;
			files = (
				CE82AAE423815A1A0062F565 /* LaunchScreen.storyboard in Resources */,
				CE82AAE123815A1A0062F565 /* Assets.xcassets in Resources */,
				CE82AADF23815A170062F565 /* Main.storyboard in Resources */,
			);
			runOnlyForDeploymentPostprocessing = 0;
		};
/* End PBXResourcesBuildPhase section */

/* Begin PBXSourcesBuildPhase section */
		CE82AAD023815A170062F565 /* Sources */ = {
			isa = PBXSourcesBuildPhase;
			buildActionMask = 2147483647;
			files = (
				CE43935A2381774F00E124BB /* NavigationController.swift in Sources */,
				CE82AADC23815A170062F565 /* LoginViewController.swift in Sources */,
				CE4393582381735800E124BB /* ViewControllerFactory.swift in Sources */,
				CE82AAD823815A170062F565 /* AppDelegate.swift in Sources */,
				CE82AADA23815A170062F565 /* SceneDelegate.swift in Sources */,
				CE82AAEE238167CB0062F565 /* NotesRepository.swift in Sources */,
				CE43935C23817F5100E124BB /* Alert.swift in Sources */,
				CE82AAF023816BB80062F565 /* UserDefaultsService.swift in Sources */,
				CE1FDF0C23816EDD007A6C29 /* NoteDetailsViewController.swift in Sources */,
				CE1FDF1323816FF0007A6C29 /* Constants.swift in Sources */,
				CE82AAEC238167980062F565 /* Note.swift in Sources */,
				CE1FDF0A23816ED1007A6C29 /* NotesListViewController.swift in Sources */,
				CE7073A823819ED5000CA9DB /* NotesListTableController.swift in Sources */,
			);
			runOnlyForDeploymentPostprocessing = 0;
		};
/* End PBXSourcesBuildPhase section */

/* Begin PBXVariantGroup section */
		CE82AADD23815A170062F565 /* Main.storyboard */ = {
			isa = PBXVariantGroup;
			children = (
				CE82AADE23815A170062F565 /* Base */,
			);
			name = Main.storyboard;
			sourceTree = "<group>";
		};
		CE82AAE223815A1A0062F565 /* LaunchScreen.storyboard */ = {
			isa = PBXVariantGroup;
			children = (
				CE82AAE323815A1A0062F565 /* Base */,
			);
			name = LaunchScreen.storyboard;
			sourceTree = "<group>";
		};
/* End PBXVariantGroup section */

/* Begin XCBuildConfiguration section */
		CE82AAE623815A1A0062F565 /* Debug */ = {
			isa = XCBuildConfiguration;
			buildSettings = {
				ALWAYS_SEARCH_USER_PATHS = NO;
				CLANG_ANALYZER_NONNULL = YES;
				CLANG_ANALYZER_NUMBER_OBJECT_CONVERSION = YES_AGGRESSIVE;
				CLANG_CXX_LANGUAGE_STANDARD = "gnu++14";
				CLANG_CXX_LIBRARY = "libc++";
				CLANG_ENABLE_MODULES = YES;
				CLANG_ENABLE_OBJC_ARC = YES;
				CLANG_ENABLE_OBJC_WEAK = YES;
				CLANG_WARN_BLOCK_CAPTURE_AUTORELEASING = YES;
				CLANG_WARN_BOOL_CONVERSION = YES;
				CLANG_WARN_COMMA = YES;
				CLANG_WARN_CONSTANT_CONVERSION = YES;
				CLANG_WARN_DEPRECATED_OBJC_IMPLEMENTATIONS = YES;
				CLANG_WARN_DIRECT_OBJC_ISA_USAGE = YES_ERROR;
				CLANG_WARN_DOCUMENTATION_COMMENTS = YES;
				CLANG_WARN_EMPTY_BODY = YES;
				CLANG_WARN_ENUM_CONVERSION = YES;
				CLANG_WARN_INFINITE_RECURSION = YES;
				CLANG_WARN_INT_CONVERSION = YES;
				CLANG_WARN_NON_LITERAL_NULL_CONVERSION = YES;
				CLANG_WARN_OBJC_IMPLICIT_RETAIN_SELF = YES;
				CLANG_WARN_OBJC_LITERAL_CONVERSION = YES;
				CLANG_WARN_OBJC_ROOT_CLASS = YES_ERROR;
				CLANG_WARN_RANGE_LOOP_ANALYSIS = YES;
				CLANG_WARN_STRICT_PROTOTYPES = YES;
				CLANG_WARN_SUSPICIOUS_MOVE = YES;
				CLANG_WARN_UNGUARDED_AVAILABILITY = YES_AGGRESSIVE;
				CLANG_WARN_UNREACHABLE_CODE = YES;
				CLANG_WARN__DUPLICATE_METHOD_MATCH = YES;
				COPY_PHASE_STRIP = NO;
				DEBUG_INFORMATION_FORMAT = dwarf;
				ENABLE_STRICT_OBJC_MSGSEND = YES;
				ENABLE_TESTABILITY = YES;
				GCC_C_LANGUAGE_STANDARD = gnu11;
				GCC_DYNAMIC_NO_PIC = NO;
				GCC_NO_COMMON_BLOCKS = YES;
				GCC_OPTIMIZATION_LEVEL = 0;
				GCC_PREPROCESSOR_DEFINITIONS = (
					"DEBUG=1",
					"$(inherited)",
				);
				GCC_WARN_64_TO_32_BIT_CONVERSION = YES;
				GCC_WARN_ABOUT_RETURN_TYPE = YES_ERROR;
				GCC_WARN_UNDECLARED_SELECTOR = YES;
				GCC_WARN_UNINITIALIZED_AUTOS = YES_AGGRESSIVE;
				GCC_WARN_UNUSED_FUNCTION = YES;
				GCC_WARN_UNUSED_VARIABLE = YES;
				IPHONEOS_DEPLOYMENT_TARGET = 13.1;
				MTL_ENABLE_DEBUG_INFO = INCLUDE_SOURCE;
				MTL_FAST_MATH = YES;
				ONLY_ACTIVE_ARCH = YES;
				SDKROOT = iphoneos;
				SWIFT_ACTIVE_COMPILATION_CONDITIONS = DEBUG;
				SWIFT_OPTIMIZATION_LEVEL = "-Onone";
			};
			name = Debug;
		};
		CE82AAE723815A1A0062F565 /* Release */ = {
			isa = XCBuildConfiguration;
			buildSettings = {
				ALWAYS_SEARCH_USER_PATHS = NO;
				CLANG_ANALYZER_NONNULL = YES;
				CLANG_ANALYZER_NUMBER_OBJECT_CONVERSION = YES_AGGRESSIVE;
				CLANG_CXX_LANGUAGE_STANDARD = "gnu++14";
				CLANG_CXX_LIBRARY = "libc++";
				CLANG_ENABLE_MODULES = YES;
				CLANG_ENABLE_OBJC_ARC = YES;
				CLANG_ENABLE_OBJC_WEAK = YES;
				CLANG_WARN_BLOCK_CAPTURE_AUTORELEASING = YES;
				CLANG_WARN_BOOL_CONVERSION = YES;
				CLANG_WARN_COMMA = YES;
				CLANG_WARN_CONSTANT_CONVERSION = YES;
				CLANG_WARN_DEPRECATED_OBJC_IMPLEMENTATIONS = YES;
				CLANG_WARN_DIRECT_OBJC_ISA_USAGE = YES_ERROR;
				CLANG_WARN_DOCUMENTATION_COMMENTS = YES;
				CLANG_WARN_EMPTY_BODY = YES;
				CLANG_WARN_ENUM_CONVERSION = YES;
				CLANG_WARN_INFINITE_RECURSION = YES;
				CLANG_WARN_INT_CONVERSION = YES;
				CLANG_WARN_NON_LITERAL_NULL_CONVERSION = YES;
				CLANG_WARN_OBJC_IMPLICIT_RETAIN_SELF = YES;
				CLANG_WARN_OBJC_LITERAL_CONVERSION = YES;
				CLANG_WARN_OBJC_ROOT_CLASS = YES_ERROR;
				CLANG_WARN_RANGE_LOOP_ANALYSIS = YES;
				CLANG_WARN_STRICT_PROTOTYPES = YES;
				CLANG_WARN_SUSPICIOUS_MOVE = YES;
				CLANG_WARN_UNGUARDED_AVAILABILITY = YES_AGGRESSIVE;
				CLANG_WARN_UNREACHABLE_CODE = YES;
				CLANG_WARN__DUPLICATE_METHOD_MATCH = YES;
				COPY_PHASE_STRIP = NO;
				DEBUG_INFORMATION_FORMAT = "dwarf-with-dsym";
				ENABLE_NS_ASSERTIONS = NO;
				ENABLE_STRICT_OBJC_MSGSEND = YES;
				GCC_C_LANGUAGE_STANDARD = gnu11;
				GCC_NO_COMMON_BLOCKS = YES;
				GCC_WARN_64_TO_32_BIT_CONVERSION = YES;
				GCC_WARN_ABOUT_RETURN_TYPE = YES_ERROR;
				GCC_WARN_UNDECLARED_SELECTOR = YES;
				GCC_WARN_UNINITIALIZED_AUTOS = YES_AGGRESSIVE;
				GCC_WARN_UNUSED_FUNCTION = YES;
				GCC_WARN_UNUSED_VARIABLE = YES;
				IPHONEOS_DEPLOYMENT_TARGET = 13.1;
				MTL_ENABLE_DEBUG_INFO = NO;
				MTL_FAST_MATH = YES;
				SDKROOT = iphoneos;
				SWIFT_COMPILATION_MODE = wholemodule;
				SWIFT_OPTIMIZATION_LEVEL = "-O";
				VALIDATE_PRODUCT = YES;
			};
			name = Release;
		};
		CE82AAE923815A1A0062F565 /* Debug */ = {
			isa = XCBuildConfiguration;
			buildSettings = {
				ASSETCATALOG_COMPILER_APPICON_NAME = AppIcon;
				CODE_SIGN_STYLE = Automatic;
				DEVELOPMENT_TEAM = JJHX98NUDV;
				INFOPLIST_FILE = "MVC-Example/SupportingFiles/Info.plist";
				LD_RUNPATH_SEARCH_PATHS = (
					"$(inherited)",
					"@executable_path/Frameworks",
				);
				PRODUCT_BUNDLE_IDENTIFIER = "com.RFMisnikov.MVC-Example";
				PRODUCT_NAME = "$(TARGET_NAME)";
				SWIFT_VERSION = 5.0;
				TARGETED_DEVICE_FAMILY = 1;
			};
			name = Debug;
		};
		CE82AAEA23815A1A0062F565 /* Release */ = {
			isa = XCBuildConfiguration;
			buildSettings = {
				ASSETCATALOG_COMPILER_APPICON_NAME = AppIcon;
				CODE_SIGN_STYLE = Automatic;
				DEVELOPMENT_TEAM = JJHX98NUDV;
				INFOPLIST_FILE = "MVC-Example/SupportingFiles/Info.plist";
				LD_RUNPATH_SEARCH_PATHS = (
					"$(inherited)",
					"@executable_path/Frameworks",
				);
				PRODUCT_BUNDLE_IDENTIFIER = "com.RFMisnikov.MVC-Example";
				PRODUCT_NAME = "$(TARGET_NAME)";
				SWIFT_VERSION = 5.0;
				TARGETED_DEVICE_FAMILY = 1;
			};
			name = Release;
		};
/* End XCBuildConfiguration section */

/* Begin XCConfigurationList section */
		CE82AACF23815A170062F565 /* Build configuration list for PBXProject "MVC-Example" */ = {
			isa = XCConfigurationList;
			buildConfigurations = (
				CE82AAE623815A1A0062F565 /* Debug */,
				CE82AAE723815A1A0062F565 /* Release */,
			);
			defaultConfigurationIsVisible = 0;
			defaultConfigurationName = Release;
		};
		CE82AAE823815A1A0062F565 /* Build configuration list for PBXNativeTarget "MVC-Example" */ = {
			isa = XCConfigurationList;
			buildConfigurations = (
				CE82AAE923815A1A0062F565 /* Debug */,
				CE82AAEA23815A1A0062F565 /* Release */,
			);
			defaultConfigurationIsVisible = 0;
			defaultConfigurationName = Release;
		};
/* End XCConfigurationList section */
	};
	rootObject = CE82AACC23815A170062F565 /* Project object */;
}
